
Microsoft Visual Studio Solution File, Format Version 12.00
# Visual Studio Version 17
VisualStudioVersion = 17.0.31903.59
MinimumVisualStudioVersion = 10.0.40219.1
Project("{FAE04EC0-301F-11D3-BF4B-00C04F79EFBC}") = "X4Calculator.Core", "X4Calculator.Core\X4Calculator.Core.csproj", "{3705C36B-8AE2-40E5-9EC8-A6785BE71DA0}"
EndProject
Project("{FAE04EC0-301F-11D3-BF4B-00C04F79EFBC}") = "X4Calculator.UI", "X4Calculator.UI\X4Calculator.UI.csproj", "{FA6B3353-6797-417B-BD28-8699E68343F6}"
EndProject
Global
	GlobalSection(SolutionConfigurationPlatforms) = preSolution
		Debug|Any CPU = Debug|Any CPU
		Release|Any CPU = Release|Any CPU
	EndGlobalSection
	GlobalSection(SolutionProperties) = preSolution
		HideSolutionNode = FALSE
	EndGlobalSection
	GlobalSection(ProjectConfigurationPlatforms) = postSolution
		{3705C36B-8AE2-40E5-9EC8-A6785BE71DA0}.Debug|Any CPU.ActiveCfg = Debug|Any CPU
		{3705C36B-8AE2-40E5-9EC8-A6785BE71DA0}.Debug|Any CPU.Build.0 = Debug|Any CPU
		{3705C36B-8AE2-40E5-9EC8-A6785BE71DA0}.Release|Any CPU.ActiveCfg = Release|Any CPU
		{3705C36B-8AE2-40E5-9EC8-A6785BE71DA0}.Release|Any CPU.Build.0 = Release|Any CPU
		{FA6B3353-6797-417B-BD28-8699E68343F6}.Debug|Any CPU.ActiveCfg = Debug|Any CPU
		{FA6B3353-6797-417B-BD28-8699E68343F6}.Debug|Any CPU.Build.0 = Debug|Any CPU
		{FA6B3353-6797-417B-BD28-8699E68343F6}.Release|Any CPU.ActiveCfg = Release|Any CPU
		{FA6B3353-6797-417B-BD28-8699E68343F6}.Release|Any CPU.Build.0 = Release|Any CPU
	EndGlobalSection
EndGlobal
